
Microsoft Visual Studio Solution File, Format Version 12.00
# Visual Studio Version 16
VisualStudioVersion = 16.0.28803.202
MinimumVisualStudioVersion = 10.0.40219.1
Project("{FAE04EC0-301F-11D3-BF4B-00C04F79EFBC}") = "LibraryManagementSystem", "LibraryManagementSystem\LibraryManagementSystem.csproj", "{2BA5F730-D05F-41FF-A506-0CB57CB8624B}"
EndProject
Global
	GlobalSection(SolutionConfigurationPlatforms) = preSolution
		Debug|Any CPU = Debug|Any CPU
		Release|Any CPU = Release|Any CPU
	EndGlobalSection
	GlobalSection(ProjectConfigurationPlatforms) = postSolution
		{2BA5F730-D05F-41FF-A506-0CB57CB8624B}.Debug|Any CPU.ActiveCfg = Debug|Any CPU
		{2BA5F730-D05F-41FF-A506-0CB57CB8624B}.Debug|Any CPU.Build.0 = Debug|Any CPU
		{2BA5F730-D05F-41FF-A506-0CB57CB8624B}.Release|Any CPU.ActiveCfg = Release|Any CPU
		{2BA5F730-D05F-41FF-A506-0CB57CB8624B}.Release|Any CPU.Build.0 = Release|Any CPU
	EndGlobalSection
	GlobalSection(SolutionProperties) = preSolution
		HideSolutionNode = FALSE
	EndGlobalSection
	GlobalSection(ExtensibilityGlobals) = postSolution
		SolutionGuid = {02880AEE-219B-469A-BD7E-A434EF72D9DE}
	EndGlobalSection
EndGlobal
